# This file is automatically @generated by Cargo.
# It is not intended for manual editing.
version = 4

[[package]]
name = "ananke"
version = "0.0.1"

[[package]]
name = "ananke-env"
version = "0.0.1"

[[package]]
name = "ananke-server"
version = "0.0.1"

[[package]]
name = "ananke-sim"
version = "0.0.1"
